
Microsoft Visual Studio Solution File, Format Version 12.00
# Visual Studio 2015
VisualStudioVersion = 14.0.23107.0
MinimumVisualStudioVersion = 10.0.40219.1
Project("{8BC9CEB8-8B4A-11D0-8D11-00A0C91BC942}") = "testopencv", "testopencv.vcxproj", "{6C3C4134-F45B-4E88-95D8-6AC9C742DC96}"
EndProject
Global
	GlobalSection(SolutionConfigurationPlatforms) = preSolution
		Debug|Win32 = Debug|Win32
		Release|Win32 = Release|Win32
	EndGlobalSection
	GlobalSection(ProjectConfigurationPlatforms) = postSolution
		{6C3C4134-F45B-4E88-95D8-6AC9C742DC96}.Debug|Win32.ActiveCfg = Debug|Win32
		{6C3C4134-F45B-4E88-95D8-6AC9C742DC96}.Debug|Win32.Build.0 = Debug|Win32
		{6C3C4134-F45B-4E88-95D8-6AC9C742DC96}.Release|Win32.ActiveCfg = Release|Win32
		{6C3C4134-F45B-4E88-95D8-6AC9C742DC96}.Release|Win32.Build.0 = Release|Win32
	EndGlobalSection
	GlobalSection(SolutionProperties) = preSolution
		HideSolutionNode = FALSE
	EndGlobalSection
EndGlobal
